
Microsoft Visual Studio Solution File, Format Version 12.00
# Visual Studio Version 16
VisualStudioVersion = 16.0.31005.135
MinimumVisualStudioVersion = 10.0.40219.1
Project("{9A19103F-16F7-4668-BE54-9A1E7A4F7556}") = "GentryVehicleVanna", "GentryVehicleVanna\GentryVehicleVanna.csproj", "{F85F998C-66A2-48ED-BEE0-6218940D722A}"
EndProject
Project("{FAE04EC0-301F-11D3-BF4B-00C04F79EFBC}") = "UIFuntionGentry", "UIFuntionGentry\UIFuntionGentry.csproj", "{330CD8C5-A01D-4584-8A50-EBEA9614BA05}"
EndProject
Global
	GlobalSection(SolutionConfigurationPlatforms) = preSolution
		Debug|Any CPU = Debug|Any CPU
		Release|Any CPU = Release|Any CPU
	EndGlobalSection
	GlobalSection(ProjectConfigurationPlatforms) = postSolution
		{F85F998C-66A2-48ED-BEE0-6218940D722A}.Debug|Any CPU.ActiveCfg = Debug|Any CPU
		{F85F998C-66A2-48ED-BEE0-6218940D722A}.Debug|Any CPU.Build.0 = Debug|Any CPU
		{F85F998C-66A2-48ED-BEE0-6218940D722A}.Release|Any CPU.ActiveCfg = Release|Any CPU
		{F85F998C-66A2-48ED-BEE0-6218940D722A}.Release|Any CPU.Build.0 = Release|Any CPU
		{330CD8C5-A01D-4584-8A50-EBEA9614BA05}.Debug|Any CPU.ActiveCfg = Debug|Any CPU
		{330CD8C5-A01D-4584-8A50-EBEA9614BA05}.Debug|Any CPU.Build.0 = Debug|Any CPU
		{330CD8C5-A01D-4584-8A50-EBEA9614BA05}.Release|Any CPU.ActiveCfg = Release|Any CPU
		{330CD8C5-A01D-4584-8A50-EBEA9614BA05}.Release|Any CPU.Build.0 = Release|Any CPU
	EndGlobalSection
	GlobalSection(SolutionProperties) = preSolution
		HideSolutionNode = FALSE
	EndGlobalSection
	GlobalSection(ExtensibilityGlobals) = postSolution
		SolutionGuid = {E4CC3FE2-35C5-4EA6-84DF-A81E7D066C8B}
	EndGlobalSection
EndGlobal
